
Microsoft Visual Studio Solution File, Format Version 11.00
# Visual Studio 2010
Project("{FAE04EC0-301F-11D3-BF4B-00C04F79EFBC}") = "Assembly-CSharp", "Assembly-CSharp.csproj", "{d01488c8-7ab9-abc2-b3a6-48670e646e59}"
EndProject
Project("{FAE04EC0-301F-11D3-BF4B-00C04F79EFBC}") = "AimingRig", "AimingRig.csproj", "{fe49cd76-b6ab-a7d3-98b2-6bbbca39714c}"
EndProject
Global
	GlobalSection(SolutionConfigurationPlatforms) = preSolution
		Debug|Any CPU = Debug|Any CPU
	EndGlobalSection
	GlobalSection(ProjectConfigurationPlatforms) = postSolution
		{d01488c8-7ab9-abc2-b3a6-48670e646e59}.Debug|Any CPU.ActiveCfg = Debug|Any CPU
		{d01488c8-7ab9-abc2-b3a6-48670e646e59}.Debug|Any CPU.Build.0 = Debug|Any CPU
		{fe49cd76-b6ab-a7d3-98b2-6bbbca39714c}.Debug|Any CPU.ActiveCfg = Debug|Any CPU
		{fe49cd76-b6ab-a7d3-98b2-6bbbca39714c}.Debug|Any CPU.Build.0 = Debug|Any CPU
	EndGlobalSection
	GlobalSection(SolutionProperties) = preSolution
		HideSolutionNode = FALSE
	EndGlobalSection
EndGlobal
